
Microsoft Visual Studio Solution File, Format Version 12.00
# Visual Studio Version 16
VisualStudioVersion = 16.0.30114.105
MinimumVisualStudioVersion = 10.0.40219.1
Project("{9A19103F-16F7-4668-BE54-9A1E7A4F7556}") = "AccountService", "..\AccountService\AccountService\AccountService.csproj", "{DBBC3E5C-F6D2-4A1B-ABFE-AC5ACBDD32B4}"
EndProject
Project("{FAE04EC0-301F-11D3-BF4B-00C04F79EFBC}") = "AccountServiceTesting", "..\AccountServiceTesting\AccountServiceTesting.csproj", "{D7E03C09-7D95-474F-9959-BD7E73C7B6FD}"
EndProject
Global
	GlobalSection(SolutionConfigurationPlatforms) = preSolution
		Debug|Any CPU = Debug|Any CPU
		Release|Any CPU = Release|Any CPU
	EndGlobalSection
	GlobalSection(ProjectConfigurationPlatforms) = postSolution
		{DBBC3E5C-F6D2-4A1B-ABFE-AC5ACBDD32B4}.Debug|Any CPU.ActiveCfg = Debug|Any CPU
		{DBBC3E5C-F6D2-4A1B-ABFE-AC5ACBDD32B4}.Debug|Any CPU.Build.0 = Debug|Any CPU
		{DBBC3E5C-F6D2-4A1B-ABFE-AC5ACBDD32B4}.Release|Any CPU.ActiveCfg = Release|Any CPU
		{DBBC3E5C-F6D2-4A1B-ABFE-AC5ACBDD32B4}.Release|Any CPU.Build.0 = Release|Any CPU
		{D7E03C09-7D95-474F-9959-BD7E73C7B6FD}.Debug|Any CPU.ActiveCfg = Debug|Any CPU
		{D7E03C09-7D95-474F-9959-BD7E73C7B6FD}.Debug|Any CPU.Build.0 = Debug|Any CPU
		{D7E03C09-7D95-474F-9959-BD7E73C7B6FD}.Release|Any CPU.ActiveCfg = Release|Any CPU
		{D7E03C09-7D95-474F-9959-BD7E73C7B6FD}.Release|Any CPU.Build.0 = Release|Any CPU
	EndGlobalSection
	GlobalSection(SolutionProperties) = preSolution
		HideSolutionNode = FALSE
	EndGlobalSection
	GlobalSection(ExtensibilityGlobals) = postSolution
		SolutionGuid = {C50FBB9F-6E3F-4282-ADF7-01C5B39EE35C}
	EndGlobalSection
EndGlobal
